
Microsoft Visual Studio Solution File, Format Version 12.00
# Visual Studio Version 17
VisualStudioVersion = 17.4.33403.182
MinimumVisualStudioVersion = 10.0.40219.1
Project("{FAE04EC0-301F-11D3-BF4B-00C04F79EFBC}") = "FlowersLab", "FlowersLab\FlowersLab.csproj", "{055BF55C-CB12-4A5E-A88F-F4CC77747269}"
EndProject
Global
	GlobalSection(SolutionConfigurationPlatforms) = preSolution
		Debug|Any CPU = Debug|Any CPU
		Release|Any CPU = Release|Any CPU
	EndGlobalSection
	GlobalSection(ProjectConfigurationPlatforms) = postSolution
		{055BF55C-CB12-4A5E-A88F-F4CC77747269}.Debug|Any CPU.ActiveCfg = Debug|Any CPU
		{055BF55C-CB12-4A5E-A88F-F4CC77747269}.Debug|Any CPU.Build.0 = Debug|Any CPU
		{055BF55C-CB12-4A5E-A88F-F4CC77747269}.Release|Any CPU.ActiveCfg = Release|Any CPU
		{055BF55C-CB12-4A5E-A88F-F4CC77747269}.Release|Any CPU.Build.0 = Release|Any CPU
	EndGlobalSection
	GlobalSection(SolutionProperties) = preSolution
		HideSolutionNode = FALSE
	EndGlobalSection
	GlobalSection(ExtensibilityGlobals) = postSolution
		SolutionGuid = {5FD339EB-E790-4DD0-9EEF-73DBF7BF0CDC}
	EndGlobalSection
EndGlobal
